
Microsoft Visual Studio Solution File, Format Version 12.00
# Visual Studio 15
VisualStudioVersion = 15.0.27130.2010
MinimumVisualStudioVersion = 10.0.40219.1
Project("{FAE04EC0-301F-11D3-BF4B-00C04F79EFBC}") = "AppConverteMoeda", "AppConverteMoeda\AppConverteMoeda.csproj", "{F1524045-ADA0-41CD-A78A-736A15DB13EF}"
EndProject
Global
	GlobalSection(SolutionConfigurationPlatforms) = preSolution
		Debug|Any CPU = Debug|Any CPU
		Release|Any CPU = Release|Any CPU
	EndGlobalSection
	GlobalSection(ProjectConfigurationPlatforms) = postSolution
		{F1524045-ADA0-41CD-A78A-736A15DB13EF}.Debug|Any CPU.ActiveCfg = Debug|Any CPU
		{F1524045-ADA0-41CD-A78A-736A15DB13EF}.Debug|Any CPU.Build.0 = Debug|Any CPU
		{F1524045-ADA0-41CD-A78A-736A15DB13EF}.Release|Any CPU.ActiveCfg = Release|Any CPU
		{F1524045-ADA0-41CD-A78A-736A15DB13EF}.Release|Any CPU.Build.0 = Release|Any CPU
	EndGlobalSection
	GlobalSection(SolutionProperties) = preSolution
		HideSolutionNode = FALSE
	EndGlobalSection
	GlobalSection(ExtensibilityGlobals) = postSolution
		SolutionGuid = {3FF84BC6-E789-4747-8D77-CD9F044C7235}
	EndGlobalSection
EndGlobal
